
Microsoft Visual Studio Solution File, Format Version 12.00
# Visual Studio Version 16
VisualStudioVersion = 16.0.31005.135
MinimumVisualStudioVersion = 10.0.40219.1
Project("{9A19103F-16F7-4668-BE54-9A1E7A4F7556}") = "Backend2", "Backend2\Backend2.csproj", "{C641AC6B-1998-495F-88D5-3D11483DD9DD}"
EndProject
Global
	GlobalSection(SolutionConfigurationPlatforms) = preSolution
		Debug|Any CPU = Debug|Any CPU
		Release|Any CPU = Release|Any CPU
	EndGlobalSection
	GlobalSection(ProjectConfigurationPlatforms) = postSolution
		{C641AC6B-1998-495F-88D5-3D11483DD9DD}.Debug|Any CPU.ActiveCfg = Debug|Any CPU
		{C641AC6B-1998-495F-88D5-3D11483DD9DD}.Debug|Any CPU.Build.0 = Debug|Any CPU
		{C641AC6B-1998-495F-88D5-3D11483DD9DD}.Release|Any CPU.ActiveCfg = Release|Any CPU
		{C641AC6B-1998-495F-88D5-3D11483DD9DD}.Release|Any CPU.Build.0 = Release|Any CPU
	EndGlobalSection
	GlobalSection(SolutionProperties) = preSolution
		HideSolutionNode = FALSE
	EndGlobalSection
	GlobalSection(ExtensibilityGlobals) = postSolution
		SolutionGuid = {4174C82B-1BA1-4E04-B2C3-53D98D74E080}
	EndGlobalSection
EndGlobal
